
Microsoft Visual Studio Solution File, Format Version 12.00
# Visual Studio 15
VisualStudioVersion = 15.0.28010.2003
MinimumVisualStudioVersion = 10.0.40219.1
Project("{FAE04EC0-301F-11D3-BF4B-00C04F79EFBC}") = "大话设计模式", "大话设计模式\大话设计模式.csproj", "{E68D84DB-02A3-40E1-A6E8-A44B1F2829E9}"
EndProject
Project("{FAE04EC0-301F-11D3-BF4B-00C04F79EFBC}") = "简单工厂", "策略模式\简单工厂.csproj", "{0851DE56-B1B2-4D84-85FB-F16C45AAC27B}"
EndProject
Project("{FAE04EC0-301F-11D3-BF4B-00C04F79EFBC}") = "策略模式2", "策略模式2\策略模式2.csproj", "{4FD9EE6A-59DF-4FED-B537-B8F01135CF8D}"
EndProject
Project("{FAE04EC0-301F-11D3-BF4B-00C04F79EFBC}") = "装饰模式", "装饰模式\装饰模式.csproj", "{36EE4307-B33A-4400-992B-00B1BB750FF8}"
EndProject
Project("{FAE04EC0-301F-11D3-BF4B-00C04F79EFBC}") = "状态模式", "状态模式\状态模式.csproj", "{FDFF6717-D0DB-467E-B454-35B6E2408235}"
EndProject
Project("{FAE04EC0-301F-11D3-BF4B-00C04F79EFBC}") = "状态模式1", "状态模式1\状态模式1.csproj", "{454DDFA0-5EB0-4800-8610-534931DD8963}"
EndProject
Project("{FAE04EC0-301F-11D3-BF4B-00C04F79EFBC}") = "备忘录模式", "备忘录模式\备忘录模式.csproj", "{63DFD2C0-F5E6-4F1B-AC30-8593A53A0E74}"
EndProject
Project("{FAE04EC0-301F-11D3-BF4B-00C04F79EFBC}") = "组合模式", "组合模式\组合模式.csproj", "{6B7F82DE-54B6-4C1B-BED2-68EDD27D0B23}"
EndProject
Project("{FAE04EC0-301F-11D3-BF4B-00C04F79EFBC}") = "组合模式1", "组合模式1\组合模式1.csproj", "{DF1C6A32-5F30-4B04-907A-C91A3BBB46AB}"
EndProject
Project("{FAE04EC0-301F-11D3-BF4B-00C04F79EFBC}") = "迭代器模式", "迭代器模式\迭代器模式.csproj", "{F39FEFE7-A09B-4240-ABEF-2988CA823031}"
EndProject
Project("{FAE04EC0-301F-11D3-BF4B-00C04F79EFBC}") = "单例模式", "单例模式\单例模式.csproj", "{FCD4D9BA-4A88-4723-AF02-8C00E1E243F9}"
EndProject
Project("{FAE04EC0-301F-11D3-BF4B-00C04F79EFBC}") = "单例模式1", "单例模式1\单例模式1.csproj", "{FFC3F41B-263E-4441-843C-7C5BEA282359}"
EndProject
Project("{FAE04EC0-301F-11D3-BF4B-00C04F79EFBC}") = "单例模式2", "单例模式2\单例模式2.csproj", "{28D08450-C23E-48AB-A2B3-3675D94128DD}"
EndProject
Project("{FAE04EC0-301F-11D3-BF4B-00C04F79EFBC}") = "单例模式3", "单例模式3\单例模式3.csproj", "{5F35EE71-4C46-4B5E-BAF1-E94913B5021B}"
EndProject
Global
	GlobalSection(SolutionConfigurationPlatforms) = preSolution
		Debug|Any CPU = Debug|Any CPU
		Release|Any CPU = Release|Any CPU
	EndGlobalSection
	GlobalSection(ProjectConfigurationPlatforms) = postSolution
		{E68D84DB-02A3-40E1-A6E8-A44B1F2829E9}.Debug|Any CPU.ActiveCfg = Debug|Any CPU
		{E68D84DB-02A3-40E1-A6E8-A44B1F2829E9}.Debug|Any CPU.Build.0 = Debug|Any CPU
		{E68D84DB-02A3-40E1-A6E8-A44B1F2829E9}.Release|Any CPU.ActiveCfg = Release|Any CPU
		{E68D84DB-02A3-40E1-A6E8-A44B1F2829E9}.Release|Any CPU.Build.0 = Release|Any CPU
		{0851DE56-B1B2-4D84-85FB-F16C45AAC27B}.Debug|Any CPU.ActiveCfg = Debug|Any CPU
		{0851DE56-B1B2-4D84-85FB-F16C45AAC27B}.Debug|Any CPU.Build.0 = Debug|Any CPU
		{0851DE56-B1B2-4D84-85FB-F16C45AAC27B}.Release|Any CPU.ActiveCfg = Release|Any CPU
		{0851DE56-B1B2-4D84-85FB-F16C45AAC27B}.Release|Any CPU.Build.0 = Release|Any CPU
		{4FD9EE6A-59DF-4FED-B537-B8F01135CF8D}.Debug|Any CPU.ActiveCfg = Debug|Any CPU
		{4FD9EE6A-59DF-4FED-B537-B8F01135CF8D}.Debug|Any CPU.Build.0 = Debug|Any CPU
		{4FD9EE6A-59DF-4FED-B537-B8F01135CF8D}.Release|Any CPU.ActiveCfg = Release|Any CPU
		{4FD9EE6A-59DF-4FED-B537-B8F01135CF8D}.Release|Any CPU.Build.0 = Release|Any CPU
		{36EE4307-B33A-4400-992B-00B1BB750FF8}.Debug|Any CPU.ActiveCfg = Debug|Any CPU
		{36EE4307-B33A-4400-992B-00B1BB750FF8}.Debug|Any CPU.Build.0 = Debug|Any CPU
		{36EE4307-B33A-4400-992B-00B1BB750FF8}.Release|Any CPU.ActiveCfg = Release|Any CPU
		{36EE4307-B33A-4400-992B-00B1BB750FF8}.Release|Any CPU.Build.0 = Release|Any CPU
		{FDFF6717-D0DB-467E-B454-35B6E2408235}.Debug|Any CPU.ActiveCfg = Debug|Any CPU
		{FDFF6717-D0DB-467E-B454-35B6E2408235}.Debug|Any CPU.Build.0 = Debug|Any CPU
		{FDFF6717-D0DB-467E-B454-35B6E2408235}.Release|Any CPU.ActiveCfg = Release|Any CPU
		{FDFF6717-D0DB-467E-B454-35B6E2408235}.Release|Any CPU.Build.0 = Release|Any CPU
		{454DDFA0-5EB0-4800-8610-534931DD8963}.Debug|Any CPU.ActiveCfg = Debug|Any CPU
		{454DDFA0-5EB0-4800-8610-534931DD8963}.Debug|Any CPU.Build.0 = Debug|Any CPU
		{454DDFA0-5EB0-4800-8610-534931DD8963}.Release|Any CPU.ActiveCfg = Release|Any CPU
		{454DDFA0-5EB0-4800-8610-534931DD8963}.Release|Any CPU.Build.0 = Release|Any CPU
		{63DFD2C0-F5E6-4F1B-AC30-8593A53A0E74}.Debug|Any CPU.ActiveCfg = Debug|Any CPU
		{63DFD2C0-F5E6-4F1B-AC30-8593A53A0E74}.Debug|Any CPU.Build.0 = Debug|Any CPU
		{63DFD2C0-F5E6-4F1B-AC30-8593A53A0E74}.Release|Any CPU.ActiveCfg = Release|Any CPU
		{63DFD2C0-F5E6-4F1B-AC30-8593A53A0E74}.Release|Any CPU.Build.0 = Release|Any CPU
		{6B7F82DE-54B6-4C1B-BED2-68EDD27D0B23}.Debug|Any CPU.ActiveCfg = Debug|Any CPU
		{6B7F82DE-54B6-4C1B-BED2-68EDD27D0B23}.Debug|Any CPU.Build.0 = Debug|Any CPU
		{6B7F82DE-54B6-4C1B-BED2-68EDD27D0B23}.Release|Any CPU.ActiveCfg = Release|Any CPU
		{6B7F82DE-54B6-4C1B-BED2-68EDD27D0B23}.Release|Any CPU.Build.0 = Release|Any CPU
		{DF1C6A32-5F30-4B04-907A-C91A3BBB46AB}.Debug|Any CPU.ActiveCfg = Debug|Any CPU
		{DF1C6A32-5F30-4B04-907A-C91A3BBB46AB}.Debug|Any CPU.Build.0 = Debug|Any CPU
		{DF1C6A32-5F30-4B04-907A-C91A3BBB46AB}.Release|Any CPU.ActiveCfg = Release|Any CPU
		{DF1C6A32-5F30-4B04-907A-C91A3BBB46AB}.Release|Any CPU.Build.0 = Release|Any CPU
		{F39FEFE7-A09B-4240-ABEF-2988CA823031}.Debug|Any CPU.ActiveCfg = Debug|Any CPU
		{F39FEFE7-A09B-4240-ABEF-2988CA823031}.Debug|Any CPU.Build.0 = Debug|Any CPU
		{F39FEFE7-A09B-4240-ABEF-2988CA823031}.Release|Any CPU.ActiveCfg = Release|Any CPU
		{F39FEFE7-A09B-4240-ABEF-2988CA823031}.Release|Any CPU.Build.0 = Release|Any CPU
		{FCD4D9BA-4A88-4723-AF02-8C00E1E243F9}.Debug|Any CPU.ActiveCfg = Debug|Any CPU
		{FCD4D9BA-4A88-4723-AF02-8C00E1E243F9}.Debug|Any CPU.Build.0 = Debug|Any CPU
		{FCD4D9BA-4A88-4723-AF02-8C00E1E243F9}.Release|Any CPU.ActiveCfg = Release|Any CPU
		{FCD4D9BA-4A88-4723-AF02-8C00E1E243F9}.Release|Any CPU.Build.0 = Release|Any CPU
		{FFC3F41B-263E-4441-843C-7C5BEA282359}.Debug|Any CPU.ActiveCfg = Debug|Any CPU
		{FFC3F41B-263E-4441-843C-7C5BEA282359}.Debug|Any CPU.Build.0 = Debug|Any CPU
		{FFC3F41B-263E-4441-843C-7C5BEA282359}.Release|Any CPU.ActiveCfg = Release|Any CPU
		{FFC3F41B-263E-4441-843C-7C5BEA282359}.Release|Any CPU.Build.0 = Release|Any CPU
		{28D08450-C23E-48AB-A2B3-3675D94128DD}.Debug|Any CPU.ActiveCfg = Debug|Any CPU
		{28D08450-C23E-48AB-A2B3-3675D94128DD}.Debug|Any CPU.Build.0 = Debug|Any CPU
		{28D08450-C23E-48AB-A2B3-3675D94128DD}.Release|Any CPU.ActiveCfg = Release|Any CPU
		{28D08450-C23E-48AB-A2B3-3675D94128DD}.Release|Any CPU.Build.0 = Release|Any CPU
		{5F35EE71-4C46-4B5E-BAF1-E94913B5021B}.Debug|Any CPU.ActiveCfg = Debug|Any CPU
		{5F35EE71-4C46-4B5E-BAF1-E94913B5021B}.Debug|Any CPU.Build.0 = Debug|Any CPU
		{5F35EE71-4C46-4B5E-BAF1-E94913B5021B}.Release|Any CPU.ActiveCfg = Release|Any CPU
		{5F35EE71-4C46-4B5E-BAF1-E94913B5021B}.Release|Any CPU.Build.0 = Release|Any CPU
	EndGlobalSection
	GlobalSection(SolutionProperties) = preSolution
		HideSolutionNode = FALSE
	EndGlobalSection
	GlobalSection(ExtensibilityGlobals) = postSolution
		SolutionGuid = {B359EBFB-1B26-47CC-AC92-F85025DE35F7}
	EndGlobalSection
EndGlobal
